
Microsoft Visual Studio Solution File, Format Version 12.00
# Visual Studio Version 17
VisualStudioVersion = 17.14.36717.8
MinimumVisualStudioVersion = 10.0.40219.1
Project("{FAE04EC0-301F-11D3-BF4B-00C04F79EFBC}") = "ShopHRM", "ShopHRM\ShopHRM.csproj", "{754CD766-972F-4417-8AAC-5A204BBF233B}"
EndProject
Project("{FAE04EC0-301F-11D3-BF4B-00C04F79EFBC}") = "ShopHRM.Shared", "ShopHRM.Shared\ShopHRM.Shared.csproj", "{F62BB9FB-FC2E-C763-FABA-138B3932B82B}"
EndProject
Global
	GlobalSection(SolutionConfigurationPlatforms) = preSolution
		Debug|Any CPU = Debug|Any CPU
		Release|Any CPU = Release|Any CPU
	EndGlobalSection
	GlobalSection(ProjectConfigurationPlatforms) = postSolution
		{754CD766-972F-4417-8AAC-5A204BBF233B}.Debug|Any CPU.ActiveCfg = Debug|Any CPU
		{754CD766-972F-4417-8AAC-5A204BBF233B}.Debug|Any CPU.Build.0 = Debug|Any CPU
		{754CD766-972F-4417-8AAC-5A204BBF233B}.Release|Any CPU.ActiveCfg = Release|Any CPU
		{754CD766-972F-4417-8AAC-5A204BBF233B}.Release|Any CPU.Build.0 = Release|Any CPU
		{F62BB9FB-FC2E-C763-FABA-138B3932B82B}.Debug|Any CPU.ActiveCfg = Debug|Any CPU
		{F62BB9FB-FC2E-C763-FABA-138B3932B82B}.Debug|Any CPU.Build.0 = Debug|Any CPU
		{F62BB9FB-FC2E-C763-FABA-138B3932B82B}.Release|Any CPU.ActiveCfg = Release|Any CPU
		{F62BB9FB-FC2E-C763-FABA-138B3932B82B}.Release|Any CPU.Build.0 = Release|Any CPU
	EndGlobalSection
	GlobalSection(SolutionProperties) = preSolution
		HideSolutionNode = FALSE
	EndGlobalSection
	GlobalSection(ExtensibilityGlobals) = postSolution
		SolutionGuid = {0D0052B7-B2A3-4E5E-8C9F-D3CBD2BA239B}
	EndGlobalSection
EndGlobal
